
Microsoft Visual Studio Solution File, Format Version 12.00
# Visual Studio Version 17
VisualStudioVersion = 17.11.35303.130
MinimumVisualStudioVersion = 10.0.40219.1
Project("{FAE04EC0-301F-11D3-BF4B-00C04F79EFBC}") = "Функции", "Функции\Функции.csproj", "{5F092C5E-B249-4CA2-A5D9-BAEEAC8D7278}"
EndProject
Global
	GlobalSection(SolutionConfigurationPlatforms) = preSolution
		Debug|Any CPU = Debug|Any CPU
		Release|Any CPU = Release|Any CPU
	EndGlobalSection
	GlobalSection(ProjectConfigurationPlatforms) = postSolution
		{5F092C5E-B249-4CA2-A5D9-BAEEAC8D7278}.Debug|Any CPU.ActiveCfg = Debug|Any CPU
		{5F092C5E-B249-4CA2-A5D9-BAEEAC8D7278}.Debug|Any CPU.Build.0 = Debug|Any CPU
		{5F092C5E-B249-4CA2-A5D9-BAEEAC8D7278}.Release|Any CPU.ActiveCfg = Release|Any CPU
		{5F092C5E-B249-4CA2-A5D9-BAEEAC8D7278}.Release|Any CPU.Build.0 = Release|Any CPU
	EndGlobalSection
	GlobalSection(SolutionProperties) = preSolution
		HideSolutionNode = FALSE
	EndGlobalSection
	GlobalSection(ExtensibilityGlobals) = postSolution
		SolutionGuid = {379BC2B3-2972-49F8-8195-5D00ACB47479}
	EndGlobalSection
EndGlobal
